Microsoft Visual Studio Solution File, Format Version 12.00
# Visual Studio Version 17
VisualStudioVersion = 17.5.2.0
MinimumVisualStudioVersion = 10.0.40219.1
Project("{FAE04EC0-301F-11D3-BF4B-00C04F79EFBC}") = "tm_Embedded_Blocks_Items_Checker", "tm_Embedded_Blocks_Items_Checker.csproj", "{AB5267DD-E20C-B6D8-D31F-386DB303C199}"
EndProject
Global
	GlobalSection(SolutionConfigurationPlatforms) = preSolution
		Debug|Any CPU = Debug|Any CPU
		Release|Any CPU = Release|Any CPU
	EndGlobalSection
	GlobalSection(ProjectConfigurationPlatforms) = postSolution
		{AB5267DD-E20C-B6D8-D31F-386DB303C199}.Debug|Any CPU.ActiveCfg = Debug|Any CPU
		{AB5267DD-E20C-B6D8-D31F-386DB303C199}.Debug|Any CPU.Build.0 = Debug|Any CPU
		{AB5267DD-E20C-B6D8-D31F-386DB303C199}.Release|Any CPU.ActiveCfg = Release|Any CPU
		{AB5267DD-E20C-B6D8-D31F-386DB303C199}.Release|Any CPU.Build.0 = Release|Any CPU
	EndGlobalSection
	GlobalSection(SolutionProperties) = preSolution
		HideSolutionNode = FALSE
	EndGlobalSection
	GlobalSection(ExtensibilityGlobals) = postSolution
		SolutionGuid = {B2DA87EB-6541-43D3-A578-D5AECD404BCA}
	EndGlobalSection
EndGlobal
